
Microsoft Visual Studio Solution File, Format Version 12.00
# Visual Studio Version 17
VisualStudioVersion = 17.5.33424.131
MinimumVisualStudioVersion = 10.0.40219.1
Project("{FAE04EC0-301F-11D3-BF4B-00C04F79EFBC}") = "Devops_C#OO.Demo", "Devops_C#OO.Demo\Devops_C#OO.Demo.csproj", "{86C452FC-5558-49E6-9DC6-B2A7EEA8EED7}"
EndProject
Project("{FAE04EC0-301F-11D3-BF4B-00C04F79EFBC}") = "Devops_C#OO.Exercice", "Devops_C#OO.Exercice\Devops_C#OO.Exercice.csproj", "{53A8D923-7CCB-4272-A4A4-E3C035D441DB}"
EndProject
Global
	GlobalSection(SolutionConfigurationPlatforms) = preSolution
		Debug|Any CPU = Debug|Any CPU
		Release|Any CPU = Release|Any CPU
	EndGlobalSection
	GlobalSection(ProjectConfigurationPlatforms) = postSolution
		{86C452FC-5558-49E6-9DC6-B2A7EEA8EED7}.Debug|Any CPU.ActiveCfg = Debug|Any CPU
		{86C452FC-5558-49E6-9DC6-B2A7EEA8EED7}.Debug|Any CPU.Build.0 = Debug|Any CPU
		{86C452FC-5558-49E6-9DC6-B2A7EEA8EED7}.Release|Any CPU.ActiveCfg = Release|Any CPU
		{86C452FC-5558-49E6-9DC6-B2A7EEA8EED7}.Release|Any CPU.Build.0 = Release|Any CPU
		{53A8D923-7CCB-4272-A4A4-E3C035D441DB}.Debug|Any CPU.ActiveCfg = Debug|Any CPU
		{53A8D923-7CCB-4272-A4A4-E3C035D441DB}.Debug|Any CPU.Build.0 = Debug|Any CPU
		{53A8D923-7CCB-4272-A4A4-E3C035D441DB}.Release|Any CPU.ActiveCfg = Release|Any CPU
		{53A8D923-7CCB-4272-A4A4-E3C035D441DB}.Release|Any CPU.Build.0 = Release|Any CPU
	EndGlobalSection
	GlobalSection(SolutionProperties) = preSolution
		HideSolutionNode = FALSE
	EndGlobalSection
	GlobalSection(ExtensibilityGlobals) = postSolution
		SolutionGuid = {1BC03039-87C8-4C8C-B1CA-0D2DF2474D51}
	EndGlobalSection
EndGlobal
